
Microsoft Visual Studio Solution File, Format Version 12.00
# Visual Studio Version 17
VisualStudioVersion = 17.0.32112.339
MinimumVisualStudioVersion = 10.0.40219.1
Project("{9A19103F-16F7-4668-BE54-9A1E7A4F7556}") = "FeatureDemo", "FeatureDemo\FeatureDemo.csproj", "{89AFF23E-81BF-4AA1-936C-08EE75A21220}"
EndProject
Project("{9A19103F-16F7-4668-BE54-9A1E7A4F7556}") = "StudentMultiTool", "StudentMultiTool\StudentMultiTool.csproj", "{74697DA9-4B28-4F97-A3B2-679461322C9E}"
EndProject
Project("{9A19103F-16F7-4668-BE54-9A1E7A4F7556}") = "Tests", "Tests\Tests.csproj", "{5BFB8F51-6E4F-4FBF-891D-7C94E49047E2}"
EndProject
Project("{54A90642-561A-4BB1-A94E-469ADEE60C69}") = "vuefrontend", "VueFrontend\vuefrontend.esproj", "{1672ED17-FAB1-4C66-A27E-5AF68E6449FC}"
EndProject
Global
	GlobalSection(SolutionConfigurationPlatforms) = preSolution
		Debug|Any CPU = Debug|Any CPU
		Release|Any CPU = Release|Any CPU
	EndGlobalSection
	GlobalSection(ProjectConfigurationPlatforms) = postSolution
		{89AFF23E-81BF-4AA1-936C-08EE75A21220}.Debug|Any CPU.ActiveCfg = Debug|Any CPU
		{89AFF23E-81BF-4AA1-936C-08EE75A21220}.Debug|Any CPU.Build.0 = Debug|Any CPU
		{89AFF23E-81BF-4AA1-936C-08EE75A21220}.Release|Any CPU.ActiveCfg = Release|Any CPU
		{89AFF23E-81BF-4AA1-936C-08EE75A21220}.Release|Any CPU.Build.0 = Release|Any CPU
		{74697DA9-4B28-4F97-A3B2-679461322C9E}.Debug|Any CPU.ActiveCfg = Debug|Any CPU
		{74697DA9-4B28-4F97-A3B2-679461322C9E}.Debug|Any CPU.Build.0 = Debug|Any CPU
		{74697DA9-4B28-4F97-A3B2-679461322C9E}.Release|Any CPU.ActiveCfg = Release|Any CPU
		{74697DA9-4B28-4F97-A3B2-679461322C9E}.Release|Any CPU.Build.0 = Release|Any CPU
		{5BFB8F51-6E4F-4FBF-891D-7C94E49047E2}.Debug|Any CPU.ActiveCfg = Debug|Any CPU
		{5BFB8F51-6E4F-4FBF-891D-7C94E49047E2}.Debug|Any CPU.Build.0 = Debug|Any CPU
		{5BFB8F51-6E4F-4FBF-891D-7C94E49047E2}.Release|Any CPU.ActiveCfg = Release|Any CPU
		{5BFB8F51-6E4F-4FBF-891D-7C94E49047E2}.Release|Any CPU.Build.0 = Release|Any CPU
		{1672ED17-FAB1-4C66-A27E-5AF68E6449FC}.Debug|Any CPU.ActiveCfg = Debug|Any CPU
		{1672ED17-FAB1-4C66-A27E-5AF68E6449FC}.Debug|Any CPU.Build.0 = Debug|Any CPU
		{1672ED17-FAB1-4C66-A27E-5AF68E6449FC}.Debug|Any CPU.Deploy.0 = Debug|Any CPU
		{1672ED17-FAB1-4C66-A27E-5AF68E6449FC}.Release|Any CPU.ActiveCfg = Release|Any CPU
		{1672ED17-FAB1-4C66-A27E-5AF68E6449FC}.Release|Any CPU.Build.0 = Release|Any CPU
		{1672ED17-FAB1-4C66-A27E-5AF68E6449FC}.Release|Any CPU.Deploy.0 = Release|Any CPU
	EndGlobalSection
	GlobalSection(SolutionProperties) = preSolution
		HideSolutionNode = FALSE
	EndGlobalSection
	GlobalSection(ExtensibilityGlobals) = postSolution
		SolutionGuid = {37EA7F6C-5CA4-45D6-A013-E56A897E99F2}
	EndGlobalSection
EndGlobal
