
Microsoft Visual Studio Solution File, Format Version 12.00
# Visual Studio Version 16
VisualStudioVersion = 16.0.31911.196
MinimumVisualStudioVersion = 10.0.40219.1
Project("{FAE04EC0-301F-11D3-BF4B-00C04F79EFBC}") = "Disable", "Disable\Disable.csproj", "{CE8BC7F3-E3C0-4648-B968-ADAE9F009A32}"
EndProject
Project("{FAE04EC0-301F-11D3-BF4B-00C04F79EFBC}") = "DisableTests", "DisableTests\DisableTests.csproj", "{765FC439-324C-429A-89E7-834E7C552024}"
EndProject
Global
	GlobalSection(SolutionConfigurationPlatforms) = preSolution
		Debug|Any CPU = Debug|Any CPU
		Release|Any CPU = Release|Any CPU
	EndGlobalSection
	GlobalSection(ProjectConfigurationPlatforms) = postSolution
		{CE8BC7F3-E3C0-4648-B968-ADAE9F009A32}.Debug|Any CPU.ActiveCfg = Debug|Any CPU
		{CE8BC7F3-E3C0-4648-B968-ADAE9F009A32}.Debug|Any CPU.Build.0 = Debug|Any CPU
		{CE8BC7F3-E3C0-4648-B968-ADAE9F009A32}.Release|Any CPU.ActiveCfg = Release|Any CPU
		{CE8BC7F3-E3C0-4648-B968-ADAE9F009A32}.Release|Any CPU.Build.0 = Release|Any CPU
		{765FC439-324C-429A-89E7-834E7C552024}.Debug|Any CPU.ActiveCfg = Debug|Any CPU
		{765FC439-324C-429A-89E7-834E7C552024}.Debug|Any CPU.Build.0 = Debug|Any CPU
		{765FC439-324C-429A-89E7-834E7C552024}.Release|Any CPU.ActiveCfg = Release|Any CPU
		{765FC439-324C-429A-89E7-834E7C552024}.Release|Any CPU.Build.0 = Release|Any CPU
	EndGlobalSection
	GlobalSection(SolutionProperties) = preSolution
		HideSolutionNode = FALSE
	EndGlobalSection
	GlobalSection(ExtensibilityGlobals) = postSolution
		SolutionGuid = {F34561E5-B033-4202-8230-7E46EF994C98}
	EndGlobalSection
EndGlobal
