
Microsoft Visual Studio Solution File, Format Version 12.00
# Visual Studio Version 16
VisualStudioVersion = 16.0.31911.196
MinimumVisualStudioVersion = 10.0.40219.1
Project("{9A19103F-16F7-4668-BE54-9A1E7A4F7556}") = "UserAcc", "UserAcc\UserAcc.csproj", "{1ED13156-A477-40FF-BF35-7423C5951669}"
EndProject
Project("{FAE04EC0-301F-11D3-BF4B-00C04F79EFBC}") = "UserAccTest", "UserAccTest\UserAccTest.csproj", "{21D5D9FA-7BC3-4D27-AE3A-C55BF01436B9}"
EndProject
Global
	GlobalSection(SolutionConfigurationPlatforms) = preSolution
		Debug|Any CPU = Debug|Any CPU
		Release|Any CPU = Release|Any CPU
	EndGlobalSection
	GlobalSection(ProjectConfigurationPlatforms) = postSolution
		{1ED13156-A477-40FF-BF35-7423C5951669}.Debug|Any CPU.ActiveCfg = Debug|Any CPU
		{1ED13156-A477-40FF-BF35-7423C5951669}.Debug|Any CPU.Build.0 = Debug|Any CPU
		{1ED13156-A477-40FF-BF35-7423C5951669}.Release|Any CPU.ActiveCfg = Release|Any CPU
		{1ED13156-A477-40FF-BF35-7423C5951669}.Release|Any CPU.Build.0 = Release|Any CPU
		{21D5D9FA-7BC3-4D27-AE3A-C55BF01436B9}.Debug|Any CPU.ActiveCfg = Debug|Any CPU
		{21D5D9FA-7BC3-4D27-AE3A-C55BF01436B9}.Debug|Any CPU.Build.0 = Debug|Any CPU
		{21D5D9FA-7BC3-4D27-AE3A-C55BF01436B9}.Release|Any CPU.ActiveCfg = Release|Any CPU
		{21D5D9FA-7BC3-4D27-AE3A-C55BF01436B9}.Release|Any CPU.Build.0 = Release|Any CPU
	EndGlobalSection
	GlobalSection(SolutionProperties) = preSolution
		HideSolutionNode = FALSE
	EndGlobalSection
	GlobalSection(ExtensibilityGlobals) = postSolution
		SolutionGuid = {CC4F3D21-B1D2-49BB-AE8B-953F6EF1D3F0}
	EndGlobalSection
EndGlobal
