
Microsoft Visual Studio Solution File, Format Version 12.00
# Visual Studio Version 16
VisualStudioVersion = 16.0.31911.196
MinimumVisualStudioVersion = 10.0.40219.1
Project("{FAE04EC0-301F-11D3-BF4B-00C04F79EFBC}") = "UserManagement", "UserManagement\UserManagement.csproj", "{DF634C70-621F-4710-A9FA-5234F24A8F8B}"
EndProject
Global
	GlobalSection(SolutionConfigurationPlatforms) = preSolution
		Debug|Any CPU = Debug|Any CPU
		Release|Any CPU = Release|Any CPU
	EndGlobalSection
	GlobalSection(ProjectConfigurationPlatforms) = postSolution
		{DF634C70-621F-4710-A9FA-5234F24A8F8B}.Debug|Any CPU.ActiveCfg = Debug|Any CPU
		{DF634C70-621F-4710-A9FA-5234F24A8F8B}.Debug|Any CPU.Build.0 = Debug|Any CPU
		{DF634C70-621F-4710-A9FA-5234F24A8F8B}.Release|Any CPU.ActiveCfg = Release|Any CPU
		{DF634C70-621F-4710-A9FA-5234F24A8F8B}.Release|Any CPU.Build.0 = Release|Any CPU
	EndGlobalSection
	GlobalSection(SolutionProperties) = preSolution
		HideSolutionNode = FALSE
	EndGlobalSection
	GlobalSection(ExtensibilityGlobals) = postSolution
		SolutionGuid = {B9411252-EAD5-4927-9ACA-8DA86EF7AE2E}
	EndGlobalSection
EndGlobal
