
Microsoft Visual Studio Solution File, Format Version 12.00
# Visual Studio Version 16
VisualStudioVersion = 16.0.31911.196
MinimumVisualStudioVersion = 10.0.40219.1
Project("{FAE04EC0-301F-11D3-BF4B-00C04F79EFBC}") = "Authentication", "Authentication\Authentication.csproj", "{C92AC48D-1AD0-4290-B334-F367BE229DC3}"
EndProject
Global
	GlobalSection(SolutionConfigurationPlatforms) = preSolution
		Debug|Any CPU = Debug|Any CPU
		Release|Any CPU = Release|Any CPU
	EndGlobalSection
	GlobalSection(ProjectConfigurationPlatforms) = postSolution
		{C92AC48D-1AD0-4290-B334-F367BE229DC3}.Debug|Any CPU.ActiveCfg = Debug|Any CPU
		{C92AC48D-1AD0-4290-B334-F367BE229DC3}.Debug|Any CPU.Build.0 = Debug|Any CPU
		{C92AC48D-1AD0-4290-B334-F367BE229DC3}.Release|Any CPU.ActiveCfg = Release|Any CPU
		{C92AC48D-1AD0-4290-B334-F367BE229DC3}.Release|Any CPU.Build.0 = Release|Any CPU
	EndGlobalSection
	GlobalSection(SolutionProperties) = preSolution
		HideSolutionNode = FALSE
	EndGlobalSection
	GlobalSection(ExtensibilityGlobals) = postSolution
		SolutionGuid = {614492F6-2949-433D-9BB4-AD28279B5876}
	EndGlobalSection
EndGlobal
